// !$*UTF8*$!
{
	archiveVersion = 1;
	classes = {
	};
	objectVersion = 56;
	objects = {

/* Begin PBXBuildFile section */
		32A76AB51B790C3EB3C8367A /* Pods_Tree.framework in Frameworks */ = {isa = PBXBuildFile; fileRef = F13F2E9E36C49405EEEBDF48 /* Pods_Tree.framework */; };
		EE386D3B2B4E6B7D00699E14 /* AppDelegate.swift in Sources */ = {isa = PBXBuildFile; fileRef = EE386D3A2B4E6B7D00699E14 /* AppDelegate.swift */; };
		EE386D3D2B4E6B7D00699E14 /* SceneDelegate.swift in Sources */ = {isa = PBXBuildFile; fileRef = EE386D3C2B4E6B7D00699E14 /* SceneDelegate.swift */; };
		EE386D442B4E6B7E00699E14 /* Assets.xcassets in Resources */ = {isa = PBXBuildFile; fileRef = EE386D432B4E6B7E00699E14 /* Assets.xcassets */; };
		EE386D472B4E6B7E00699E14 /* LaunchScreen.storyboard in Resources */ = {isa = PBXBuildFile; fileRef = EE386D452B4E6B7E00699E14 /* LaunchScreen.storyboard */; };
		EE386D5B2B4E6EB200699E14 /* Localizable.strings in Resources */ = {isa = PBXBuildFile; fileRef = EE386D5D2B4E6EB200699E14 /* Localizable.strings */; };
		EE386D622B4E6FAB00699E14 /* TreeImageCollection.swift in Sources */ = {isa = PBXBuildFile; fileRef = EE386D612B4E6FAB00699E14 /* TreeImageCollection.swift */; };
		EE386D642B4E6FB500699E14 /* TreeStringCollection.swift in Sources */ = {isa = PBXBuildFile; fileRef = EE386D632B4E6FB500699E14 /* TreeStringCollection.swift */; };
		EE386D662B4E6FC700699E14 /* UIView+.swift in Sources */ = {isa = PBXBuildFile; fileRef = EE386D652B4E6FC700699E14 /* UIView+.swift */; };
		EE386D682B4E719900699E14 /* UIViewController+.swift in Sources */ = {isa = PBXBuildFile; fileRef = EE386D672B4E719900699E14 /* UIViewController+.swift */; };
		EE386D6A2B4E71DC00699E14 /* UIColor+.swift in Sources */ = {isa = PBXBuildFile; fileRef = EE386D692B4E71DC00699E14 /* UIColor+.swift */; };
		EE386D6C2B4E72D200699E14 /* String+.swift in Sources */ = {isa = PBXBuildFile; fileRef = EE386D6B2B4E72D200699E14 /* String+.swift */; };
		EE386D712B4E74A500699E14 /* FeedViewController.swift in Sources */ = {isa = PBXBuildFile; fileRef = EE386D702B4E74A500699E14 /* FeedViewController.swift */; };
		EE386D732B4E74B700699E14 /* TreeViewController.swift in Sources */ = {isa = PBXBuildFile; fileRef = EE386D722B4E74B700699E14 /* TreeViewController.swift */; };
		EE386D752B4E74CE00699E14 /* SettingViewController.swift in Sources */ = {isa = PBXBuildFile; fileRef = EE386D742B4E74CE00699E14 /* SettingViewController.swift */; };
		EE386D7E2B4E754D00699E14 /* TRNetworkError.swift in Sources */ = {isa = PBXBuildFile; fileRef = EE386D7D2B4E754D00699E14 /* TRNetworkError.swift */; };
		EE386D802B4E755700699E14 /* TRURLRequest.swift in Sources */ = {isa = PBXBuildFile; fileRef = EE386D7F2B4E755700699E14 /* TRURLRequest.swift */; };
		EE386D822B4E756200699E14 /* TRNetworkManager.swift in Sources */ = {isa = PBXBuildFile; fileRef = EE386D812B4E756200699E14 /* TRNetworkManager.swift */; };
		EE386D8A2B4E75BB00699E14 /* TreeNetworkResult.swift in Sources */ = {isa = PBXBuildFile; fileRef = EE386D892B4E75BB00699E14 /* TreeNetworkResult.swift */; };
		EE386D8D2B4E7DAE00699E14 /* InvitationViewController.swift in Sources */ = {isa = PBXBuildFile; fileRef = EE386D8C2B4E7DAE00699E14 /* InvitationViewController.swift */; };
		EE386D8F2B4E88A300699E14 /* Dictionary+.swift in Sources */ = {isa = PBXBuildFile; fileRef = EE386D8E2B4E88A300699E14 /* Dictionary+.swift */; };
		EE386D912B4E8B3800699E14 /* TreeNetworkManager.swift in Sources */ = {isa = PBXBuildFile; fileRef = EE386D902B4E8B3800699E14 /* TreeNetworkManager.swift */; };
		EE386D932B4E8B4500699E14 /* TreeNetworkURLRequest.swift in Sources */ = {isa = PBXBuildFile; fileRef = EE386D922B4E8B4500699E14 /* TreeNetworkURLRequest.swift */; };
		EE386D972B4E8B7800699E14 /* TreeNetworkError.swift in Sources */ = {isa = PBXBuildFile; fileRef = EE386D962B4E8B7800699E14 /* TreeNetworkError.swift */; };
		EE386D9C2B4E8D5900699E14 /* UserDefaultsWrapper.swift in Sources */ = {isa = PBXBuildFile; fileRef = EE386D9B2B4E8D5900699E14 /* UserDefaultsWrapper.swift */; };
		EE386D9E2B4E8D6400699E14 /* UserDefaultsWrapperKey.swift in Sources */ = {isa = PBXBuildFile; fileRef = EE386D9D2B4E8D6400699E14 /* UserDefaultsWrapperKey.swift */; };
		EE386DA22B4E8ED600699E14 /* User.swift in Sources */ = {isa = PBXBuildFile; fileRef = EE386DA12B4E8ED600699E14 /* User.swift */; };
		EE386DA42B4E8F1E00699E14 /* UIRectEdge+.swift in Sources */ = {isa = PBXBuildFile; fileRef = EE386DA32B4E8F1E00699E14 /* UIRectEdge+.swift */; };
		EE563B942B527AEB004F99FB /* ReceivedInvitationsViewController.swift in Sources */ = {isa = PBXBuildFile; fileRef = EE563B932B527AEB004F99FB /* ReceivedInvitationsViewController.swift */; };
		EE563B992B527B50004F99FB /* InvitationsCardTableViewCell.swift in Sources */ = {isa = PBXBuildFile; fileRef = EE563B982B527B50004F99FB /* InvitationsCardTableViewCell.swift */; };
		EE563BBC2B5B94B6004F99FB /* InvitationData.swift in Sources */ = {isa = PBXBuildFile; fileRef = EE563BBB2B5B94B6004F99FB /* InvitationData.swift */; };
		EE563BBE2B5B95E2004F99FB /* AvailableInvitationData.swift in Sources */ = {isa = PBXBuildFile; fileRef = EE563BBD2B5B95E2004F99FB /* AvailableInvitationData.swift */; };
		EE563BC82B5B9F39004F99FB /* Pretendard-Bold.otf in Resources */ = {isa = PBXBuildFile; fileRef = EE563BC02B5B9F38004F99FB /* Pretendard-Bold.otf */; };
		EE563BC92B5B9F39004F99FB /* Pretendard-ExtraLight.otf in Resources */ = {isa = PBXBuildFile; fileRef = EE563BC12B5B9F39004F99FB /* Pretendard-ExtraLight.otf */; };
		EE563BCA2B5B9F39004F99FB /* Pretendard-Regular.otf in Resources */ = {isa = PBXBuildFile; fileRef = EE563BC22B5B9F39004F99FB /* Pretendard-Regular.otf */; };
		EE563BCB2B5B9F39004F99FB /* Pretendard-Light.otf in Resources */ = {isa = PBXBuildFile; fileRef = EE563BC32B5B9F39004F99FB /* Pretendard-Light.otf */; };
		EE563BCC2B5B9F39004F99FB /* Pretendard-SemiBold.otf in Resources */ = {isa = PBXBuildFile; fileRef = EE563BC42B5B9F39004F99FB /* Pretendard-SemiBold.otf */; };
		EE563BCD2B5B9F39004F99FB /* Pretendard-Medium.otf in Resources */ = {isa = PBXBuildFile; fileRef = EE563BC52B5B9F39004F99FB /* Pretendard-Medium.otf */; };
		EE563BCE2B5B9F39004F99FB /* Pretendard-ExtraBold.otf in Resources */ = {isa = PBXBuildFile; fileRef = EE563BC62B5B9F39004F99FB /* Pretendard-ExtraBold.otf */; };
		EE563BCF2B5B9F39004F99FB /* Pretendard-Thin.otf in Resources */ = {isa = PBXBuildFile; fileRef = EE563BC72B5B9F39004F99FB /* Pretendard-Thin.otf */; };
		EE563BD12B5B9FD6004F99FB /* UIFont+.swift in Sources */ = {isa = PBXBuildFile; fileRef = EE563BD02B5B9FD6004F99FB /* UIFont+.swift */; };
		EE563BD42B5BA618004F99FB /* TreeURLContainer.swift in Sources */ = {isa = PBXBuildFile; fileRef = EE563BD32B5BA618004F99FB /* TreeURLContainer.swift */; };
		EE563BD62B5BA758004F99FB /* url.plist in Resources */ = {isa = PBXBuildFile; fileRef = EE563BD52B5BA758004F99FB /* url.plist */; };
		EE563BD82B5BA761004F99FB /* url-debug.plist in Resources */ = {isa = PBXBuildFile; fileRef = EE563BD72B5BA761004F99FB /* url-debug.plist */; };
		EE563BDA2B5ED4DE004F99FB /* ContactsTableViewCell.swift in Sources */ = {isa = PBXBuildFile; fileRef = EE563BD92B5ED4DE004F99FB /* ContactsTableViewCell.swift */; };
		EE563BDD2B5ED6DC004F99FB /* PhoneNumberInsertViewController.swift in Sources */ = {isa = PBXBuildFile; fileRef = EE563BDC2B5ED6DC004F99FB /* PhoneNumberInsertViewController.swift */; };
		EE563BDF2B5ED729004F99FB /* ReceivedFirstInvitationViewController.swift in Sources */ = {isa = PBXBuildFile; fileRef = EE563BDE2B5ED729004F99FB /* ReceivedFirstInvitationViewController.swift */; };
		EE563BE12B5ED74C004F99FB /* UserIdInsertViewController.swift in Sources */ = {isa = PBXBuildFile; fileRef = EE563BE02B5ED74C004F99FB /* UserIdInsertViewController.swift */; };
		EE563BE32B5ED75B004F99FB /* PhoneNumberVerifyViewController.swift in Sources */ = {isa = PBXBuildFile; fileRef = EE563BE22B5ED75B004F99FB /* PhoneNumberVerifyViewController.swift */; };
		EE563BE52B5ED79A004F99FB /* ShowMyProfileViewController.swift in Sources */ = {isa = PBXBuildFile; fileRef = EE563BE42B5ED79A004F99FB /* ShowMyProfileViewController.swift */; };
/* End PBXBuildFile section */

/* Begin PBXFileReference section */
		9BF7CEC904C5A0EF3664531A /* Pods-Tree.release.xcconfig */ = {isa = PBXFileReference; includeInIndex = 1; lastKnownFileType = text.xcconfig; name = "Pods-Tree.release.xcconfig"; path = "Target Support Files/Pods-Tree/Pods-Tree.release.xcconfig"; sourceTree = "<group>"; };
		E9DA9E5DFC96E7E1C101618B /* Pods-Tree.debug.xcconfig */ = {isa = PBXFileReference; includeInIndex = 1; lastKnownFileType = text.xcconfig; name = "Pods-Tree.debug.xcconfig"; path = "Target Support Files/Pods-Tree/Pods-Tree.debug.xcconfig"; sourceTree = "<group>"; };
		EE386D372B4E6B7D00699E14 /* Tree.app */ = {isa = PBXFileReference; explicitFileType = wrapper.application; includeInIndex = 0; path = Tree.app; sourceTree = BUILT_PRODUCTS_DIR; };
		EE386D3A2B4E6B7D00699E14 /* AppDelegate.swift */ = {isa = PBXFileReference; lastKnownFileType = sourcecode.swift; path = AppDelegate.swift; sourceTree = "<group>"; };
		EE386D3C2B4E6B7D00699E14 /* SceneDelegate.swift */ = {isa = PBXFileReference; lastKnownFileType = sourcecode.swift; path = SceneDelegate.swift; sourceTree = "<group>"; };
		EE386D432B4E6B7E00699E14 /* Assets.xcassets */ = {isa = PBXFileReference; lastKnownFileType = folder.assetcatalog; path = Assets.xcassets; sourceTree = "<group>"; };
		EE386D462B4E6B7E00699E14 /* Base */ = {isa = PBXFileReference; lastKnownFileType = file.storyboard; name = Base; path = Base.lproj/LaunchScreen.storyboard; sourceTree = "<group>"; };
		EE386D482B4E6B7E00699E14 /* Info.plist */ = {isa = PBXFileReference; lastKnownFileType = text.plist.xml; path = Info.plist; sourceTree = "<group>"; };
		EE386D5C2B4E6EB200699E14 /* en */ = {isa = PBXFileReference; lastKnownFileType = text.plist.strings; name = en; path = en.lproj/Localizable.strings; sourceTree = "<group>"; };
		EE386D602B4E6EE600699E14 /* en */ = {isa = PBXFileReference; lastKnownFileType = text.plist.strings; name = en; path = en.lproj/LaunchScreen.strings; sourceTree = "<group>"; };
		EE386D612B4E6FAB00699E14 /* TreeImageCollection.swift */ = {isa = PBXFileReference; lastKnownFileType = sourcecode.swift; path = TreeImageCollection.swift; sourceTree = "<group>"; };
		EE386D632B4E6FB500699E14 /* TreeStringCollection.swift */ = {isa = PBXFileReference; lastKnownFileType = sourcecode.swift; path = TreeStringCollection.swift; sourceTree = "<group>"; };
		EE386D652B4E6FC700699E14 /* UIView+.swift */ = {isa = PBXFileReference; lastKnownFileType = sourcecode.swift; path = "UIView+.swift"; sourceTree = "<group>"; };
		EE386D672B4E719900699E14 /* UIViewController+.swift */ = {isa = PBXFileReference; lastKnownFileType = sourcecode.swift; path = "UIViewController+.swift"; sourceTree = "<group>"; };
		EE386D692B4E71DC00699E14 /* UIColor+.swift */ = {isa = PBXFileReference; lastKnownFileType = sourcecode.swift; path = "UIColor+.swift"; sourceTree = "<group>"; };
		EE386D6B2B4E72D200699E14 /* String+.swift */ = {isa = PBXFileReference; lastKnownFileType = sourcecode.swift; path = "String+.swift"; sourceTree = "<group>"; };
		EE386D702B4E74A500699E14 /* FeedViewController.swift */ = {isa = PBXFileReference; lastKnownFileType = sourcecode.swift; path = FeedViewController.swift; sourceTree = "<group>"; };
		EE386D722B4E74B700699E14 /* TreeViewController.swift */ = {isa = PBXFileReference; lastKnownFileType = sourcecode.swift; path = TreeViewController.swift; sourceTree = "<group>"; };
		EE386D742B4E74CE00699E14 /* SettingViewController.swift */ = {isa = PBXFileReference; lastKnownFileType = sourcecode.swift; path = SettingViewController.swift; sourceTree = "<group>"; };
		EE386D7D2B4E754D00699E14 /* TRNetworkError.swift */ = {isa = PBXFileReference; lastKnownFileType = sourcecode.swift; path = TRNetworkError.swift; sourceTree = "<group>"; };
		EE386D7F2B4E755700699E14 /* TRURLRequest.swift */ = {isa = PBXFileReference; lastKnownFileType = sourcecode.swift; path = TRURLRequest.swift; sourceTree = "<group>"; };
		EE386D812B4E756200699E14 /* TRNetworkManager.swift */ = {isa = PBXFileReference; lastKnownFileType = sourcecode.swift; path = TRNetworkManager.swift; sourceTree = "<group>"; };
		EE386D892B4E75BB00699E14 /* TreeNetworkResult.swift */ = {isa = PBXFileReference; lastKnownFileType = sourcecode.swift; path = TreeNetworkResult.swift; sourceTree = "<group>"; };
		EE386D8C2B4E7DAE00699E14 /* InvitationViewController.swift */ = {isa = PBXFileReference; lastKnownFileType = sourcecode.swift; path = InvitationViewController.swift; sourceTree = "<group>"; };
		EE386D8E2B4E88A300699E14 /* Dictionary+.swift */ = {isa = PBXFileReference; lastKnownFileType = sourcecode.swift; path = "Dictionary+.swift"; sourceTree = "<group>"; };
		EE386D902B4E8B3800699E14 /* TreeNetworkManager.swift */ = {isa = PBXFileReference; lastKnownFileType = sourcecode.swift; path = TreeNetworkManager.swift; sourceTree = "<group>"; };
		EE386D922B4E8B4500699E14 /* TreeNetworkURLRequest.swift */ = {isa = PBXFileReference; lastKnownFileType = sourcecode.swift; path = TreeNetworkURLRequest.swift; sourceTree = "<group>"; };
		EE386D962B4E8B7800699E14 /* TreeNetworkError.swift */ = {isa = PBXFileReference; lastKnownFileType = sourcecode.swift; path = TreeNetworkError.swift; sourceTree = "<group>"; };
		EE386D9B2B4E8D5900699E14 /* UserDefaultsWrapper.swift */ = {isa = PBXFileReference; lastKnownFileType = sourcecode.swift; path = UserDefaultsWrapper.swift; sourceTree = "<group>"; };
		EE386D9D2B4E8D6400699E14 /* UserDefaultsWrapperKey.swift */ = {isa = PBXFileReference; lastKnownFileType = sourcecode.swift; path = UserDefaultsWrapperKey.swift; sourceTree = "<group>"; };
		EE386DA12B4E8ED600699E14 /* User.swift */ = {isa = PBXFileReference; lastKnownFileType = sourcecode.swift; path = User.swift; sourceTree = "<group>"; };
		EE386DA32B4E8F1E00699E14 /* UIRectEdge+.swift */ = {isa = PBXFileReference; lastKnownFileType = sourcecode.swift; path = "UIRectEdge+.swift"; sourceTree = "<group>"; };
		EE563B932B527AEB004F99FB /* ReceivedInvitationsViewController.swift */ = {isa = PBXFileReference; lastKnownFileType = sourcecode.swift; path = ReceivedInvitationsViewController.swift; sourceTree = "<group>"; };
		EE563B982B527B50004F99FB /* InvitationsCardTableViewCell.swift */ = {isa = PBXFileReference; lastKnownFileType = sourcecode.swift; path = InvitationsCardTableViewCell.swift; sourceTree = "<group>"; };
		EE563BBB2B5B94B6004F99FB /* InvitationData.swift */ = {isa = PBXFileReference; lastKnownFileType = sourcecode.swift; path = InvitationData.swift; sourceTree = "<group>"; };
		EE563BBD2B5B95E2004F99FB /* AvailableInvitationData.swift */ = {isa = PBXFileReference; lastKnownFileType = sourcecode.swift; path = AvailableInvitationData.swift; sourceTree = "<group>"; };
		EE563BC02B5B9F38004F99FB /* Pretendard-Bold.otf */ = {isa = PBXFileReference; lastKnownFileType = file; path = "Pretendard-Bold.otf"; sourceTree = "<group>"; };
		EE563BC12B5B9F39004F99FB /* Pretendard-ExtraLight.otf */ = {isa = PBXFileReference; lastKnownFileType = file; path = "Pretendard-ExtraLight.otf"; sourceTree = "<group>"; };
		EE563BC22B5B9F39004F99FB /* Pretendard-Regular.otf */ = {isa = PBXFileReference; lastKnownFileType = file; path = "Pretendard-Regular.otf"; sourceTree = "<group>"; };
		EE563BC32B5B9F39004F99FB /* Pretendard-Light.otf */ = {isa = PBXFileReference; lastKnownFileType = file; path = "Pretendard-Light.otf"; sourceTree = "<group>"; };
		EE563BC42B5B9F39004F99FB /* Pretendard-SemiBold.otf */ = {isa = PBXFileReference; lastKnownFileType = file; path = "Pretendard-SemiBold.otf"; sourceTree = "<group>"; };
		EE563BC52B5B9F39004F99FB /* Pretendard-Medium.otf */ = {isa = PBXFileReference; lastKnownFileType = file; path = "Pretendard-Medium.otf"; sourceTree = "<group>"; };
		EE563BC62B5B9F39004F99FB /* Pretendard-ExtraBold.otf */ = {isa = PBXFileReference; lastKnownFileType = file; path = "Pretendard-ExtraBold.otf"; sourceTree = "<group>"; };
		EE563BC72B5B9F39004F99FB /* Pretendard-Thin.otf */ = {isa = PBXFileReference; lastKnownFileType = file; path = "Pretendard-Thin.otf"; sourceTree = "<group>"; };
		EE563BD02B5B9FD6004F99FB /* UIFont+.swift */ = {isa = PBXFileReference; lastKnownFileType = sourcecode.swift; path = "UIFont+.swift"; sourceTree = "<group>"; };
		EE563BD32B5BA618004F99FB /* TreeURLContainer.swift */ = {isa = PBXFileReference; lastKnownFileType = sourcecode.swift; path = TreeURLContainer.swift; sourceTree = "<group>"; };
		EE563BD52B5BA758004F99FB /* url.plist */ = {isa = PBXFileReference; lastKnownFileType = text.plist.xml; path = url.plist; sourceTree = "<group>"; };
		EE563BD72B5BA761004F99FB /* url-debug.plist */ = {isa = PBXFileReference; lastKnownFileType = text.plist.xml; path = "url-debug.plist"; sourceTree = "<group>"; };
		EE563BD92B5ED4DE004F99FB /* ContactsTableViewCell.swift */ = {isa = PBXFileReference; lastKnownFileType = sourcecode.swift; path = ContactsTableViewCell.swift; sourceTree = "<group>"; };
		EE563BDC2B5ED6DC004F99FB /* PhoneNumberInsertViewController.swift */ = {isa = PBXFileReference; lastKnownFileType = sourcecode.swift; path = PhoneNumberInsertViewController.swift; sourceTree = "<group>"; };
		EE563BDE2B5ED729004F99FB /* ReceivedFirstInvitationViewController.swift */ = {isa = PBXFileReference; lastKnownFileType = sourcecode.swift; path = ReceivedFirstInvitationViewController.swift; sourceTree = "<group>"; };
		EE563BE02B5ED74C004F99FB /* UserIdInsertViewController.swift */ = {isa = PBXFileReference; lastKnownFileType = sourcecode.swift; path = UserIdInsertViewController.swift; sourceTree = "<group>"; };
		EE563BE22B5ED75B004F99FB /* PhoneNumberVerifyViewController.swift */ = {isa = PBXFileReference; lastKnownFileType = sourcecode.swift; path = PhoneNumberVerifyViewController.swift; sourceTree = "<group>"; };
		EE563BE42B5ED79A004F99FB /* ShowMyProfileViewController.swift */ = {isa = PBXFileReference; lastKnownFileType = sourcecode.swift; path = ShowMyProfileViewController.swift; sourceTree = "<group>"; };
		F13F2E9E36C49405EEEBDF48 /* Pods_Tree.framework */ = {isa = PBXFileReference; explicitFileType = wrapper.framework; includeInIndex = 0; path = Pods_Tree.framework; sourceTree = BUILT_PRODUCTS_DIR; };
/* End PBXFileReference section */

/* Begin PBXFrameworksBuildPhase section */
		EE386D342B4E6B7D00699E14 /* Frameworks */ = {
			isa = PBXFrameworksBuildPhase;
			buildActionMask = 2147483647;
			files = (
				32A76AB51B790C3EB3C8367A /* Pods_Tree.framework in Frameworks */,
			);
			runOnlyForDeploymentPostprocessing = 0;
		};
/* End PBXFrameworksBuildPhase section */

/* Begin PBXGroup section */
		532E0ED6F9EB3D5683CA5913 /* Pods */ = {
			isa = PBXGroup;
			children = (
				E9DA9E5DFC96E7E1C101618B /* Pods-Tree.debug.xcconfig */,
				9BF7CEC904C5A0EF3664531A /* Pods-Tree.release.xcconfig */,
			);
			path = Pods;
			sourceTree = "<group>";
		};
		B7158DBB0F3887A6D730EF97 /* Frameworks */ = {
			isa = PBXGroup;
			children = (
				F13F2E9E36C49405EEEBDF48 /* Pods_Tree.framework */,
			);
			name = Frameworks;
			sourceTree = "<group>";
		};
		EE386D2E2B4E6B7D00699E14 = {
			isa = PBXGroup;
			children = (
				EE386D392B4E6B7D00699E14 /* Tree */,
				EE386D382B4E6B7D00699E14 /* Products */,
				532E0ED6F9EB3D5683CA5913 /* Pods */,
				B7158DBB0F3887A6D730EF97 /* Frameworks */,
			);
			sourceTree = "<group>";
		};
		EE386D382B4E6B7D00699E14 /* Products */ = {
			isa = PBXGroup;
			children = (
				EE386D372B4E6B7D00699E14 /* Tree.app */,
			);
			name = Products;
			sourceTree = "<group>";
		};
		EE386D392B4E6B7D00699E14 /* Tree */ = {
			isa = PBXGroup;
			children = (
				EE386D522B4E6D7300699E14 /* App */,
				EE386D512B4E6D6E00699E14 /* Models */,
				EE386D502B4E6C5700699E14 /* Scenes */,
				EE386D4F2B4E6C5200699E14 /* Utils */,
				EE386D4E2B4E6BC600699E14 /* Resources */,
			);
			path = Tree;
			sourceTree = "<group>";
		};
		EE386D4E2B4E6BC600699E14 /* Resources */ = {
			isa = PBXGroup;
			children = (
				EE386D482B4E6B7E00699E14 /* Info.plist */,
				EE386D432B4E6B7E00699E14 /* Assets.xcassets */,
				EE386D452B4E6B7E00699E14 /* LaunchScreen.storyboard */,
				EE386D552B4E6DA500699E14 /* propertyList */,
				EE386D542B4E6D9F00699E14 /* Fonts */,
				EE386D532B4E6D9400699E14 /* launchImages */,
				EE386D5D2B4E6EB200699E14 /* Localizable.strings */,
			);
			path = Resources;
			sourceTree = "<group>";
		};
		EE386D4F2B4E6C5200699E14 /* Utils */ = {
			isa = PBXGroup;
			children = (
				EE563BD22B5BA607004F99FB /* PropertyListContainer */,
				EE386D9A2B4E8D3800699E14 /* UserDefaultsWrapper */,
				EE386D572B4E6E2000699E14 /* TreeCollections */,
				EE386D562B4E6E0C00699E14 /* Extensions */,
			);
			path = Utils;
			sourceTree = "<group>";
		};
		EE386D502B4E6C5700699E14 /* Scenes */ = {
			isa = PBXGroup;
			children = (
				EE563BDB2B5ED6AE004F99FB /* OnboardingScenes */,
				EE386D6F2B4E746000699E14 /* FeedScenes */,
				EE386D6E2B4E745300699E14 /* TreeScenes */,
				EE386D6D2B4E744D00699E14 /* SettingScenes */,
				EE386D8B2B4E7D6D00699E14 /* InvitationScenes */,
			);
			path = Scenes;
			sourceTree = "<group>";
		};
		EE386D512B4E6D6E00699E14 /* Models */ = {
			isa = PBXGroup;
			children = (
				EE386D792B4E752900699E14 /* Notification */,
				EE386D782B4E751E00699E14 /* Network */,
				EE386D772B4E751200699E14 /* Structure */,
			);
			path = Models;
			sourceTree = "<group>";
		};
		EE386D522B4E6D7300699E14 /* App */ = {
			isa = PBXGroup;
			children = (
				EE386D3A2B4E6B7D00699E14 /* AppDelegate.swift */,
				EE386D3C2B4E6B7D00699E14 /* SceneDelegate.swift */,
			);
			path = App;
			sourceTree = "<group>";
		};
		EE386D532B4E6D9400699E14 /* launchImages */ = {
			isa = PBXGroup;
			children = (
			);
			path = launchImages;
			sourceTree = "<group>";
		};
		EE386D542B4E6D9F00699E14 /* Fonts */ = {
			isa = PBXGroup;
			children = (
				EE563BC02B5B9F38004F99FB /* Pretendard-Bold.otf */,
				EE563BC62B5B9F39004F99FB /* Pretendard-ExtraBold.otf */,
				EE563BC12B5B9F39004F99FB /* Pretendard-ExtraLight.otf */,
				EE563BC32B5B9F39004F99FB /* Pretendard-Light.otf */,
				EE563BC52B5B9F39004F99FB /* Pretendard-Medium.otf */,
				EE563BC22B5B9F39004F99FB /* Pretendard-Regular.otf */,
				EE563BC42B5B9F39004F99FB /* Pretendard-SemiBold.otf */,
				EE563BC72B5B9F39004F99FB /* Pretendard-Thin.otf */,
			);
			path = Fonts;
			sourceTree = "<group>";
		};
		EE386D552B4E6DA500699E14 /* propertyList */ = {
			isa = PBXGroup;
			children = (
				EE563BD52B5BA758004F99FB /* url.plist */,
				EE563BD72B5BA761004F99FB /* url-debug.plist */,
			);
			path = propertyList;
			sourceTree = "<group>";
		};
		EE386D562B4E6E0C00699E14 /* Extensions */ = {
			isa = PBXGroup;
			children = (
				EE386D652B4E6FC700699E14 /* UIView+.swift */,
				EE386D672B4E719900699E14 /* UIViewController+.swift */,
				EE386D692B4E71DC00699E14 /* UIColor+.swift */,
				EE386D6B2B4E72D200699E14 /* String+.swift */,
				EE386D8E2B4E88A300699E14 /* Dictionary+.swift */,
				EE386DA32B4E8F1E00699E14 /* UIRectEdge+.swift */,
				EE563BD02B5B9FD6004F99FB /* UIFont+.swift */,
			);
			path = Extensions;
			sourceTree = "<group>";
		};
		EE386D572B4E6E2000699E14 /* TreeCollections */ = {
			isa = PBXGroup;
			children = (
				EE386D632B4E6FB500699E14 /* TreeStringCollection.swift */,
				EE386D612B4E6FAB00699E14 /* TreeImageCollection.swift */,
			);
			path = TreeCollections;
			sourceTree = "<group>";
		};
		EE386D6D2B4E744D00699E14 /* SettingScenes */ = {
			isa = PBXGroup;
			children = (
				EE386D742B4E74CE00699E14 /* SettingViewController.swift */,
			);
			path = SettingScenes;
			sourceTree = "<group>";
		};
		EE386D6E2B4E745300699E14 /* TreeScenes */ = {
			isa = PBXGroup;
			children = (
				EE386D722B4E74B700699E14 /* TreeViewController.swift */,
			);
			path = TreeScenes;
			sourceTree = "<group>";
		};
		EE386D6F2B4E746000699E14 /* FeedScenes */ = {
			isa = PBXGroup;
			children = (
				EE386D702B4E74A500699E14 /* FeedViewController.swift */,
			);
			path = FeedScenes;
			sourceTree = "<group>";
		};
		EE386D772B4E751200699E14 /* Structure */ = {
			isa = PBXGroup;
			children = (
				EE386D892B4E75BB00699E14 /* TreeNetworkResult.swift */,
				EE386DA12B4E8ED600699E14 /* User.swift */,
				EE563BBB2B5B94B6004F99FB /* InvitationData.swift */,
				EE563BBD2B5B95E2004F99FB /* AvailableInvitationData.swift */,
			);
			path = Structure;
			sourceTree = "<group>";
		};
		EE386D782B4E751E00699E14 /* Network */ = {
			isa = PBXGroup;
			children = (
				EE386D7A2B4E753200699E14 /* Tree */,
				EE386D7C2B4E754000699E14 /* protocols */,
				EE386D7B2B4E753600699E14 /* Auth */,
			);
			path = Network;
			sourceTree = "<group>";
		};
		EE386D792B4E752900699E14 /* Notification */ = {
			isa = PBXGroup;
			children = (
			);
			path = Notification;
			sourceTree = "<group>";
		};
		EE386D7A2B4E753200699E14 /* Tree */ = {
			isa = PBXGroup;
			children = (
				EE386D902B4E8B3800699E14 /* TreeNetworkManager.swift */,
				EE386D922B4E8B4500699E14 /* TreeNetworkURLRequest.swift */,
				EE386D962B4E8B7800699E14 /* TreeNetworkError.swift */,
			);
			path = Tree;
			sourceTree = "<group>";
		};
		EE386D7B2B4E753600699E14 /* Auth */ = {
			isa = PBXGroup;
			children = (
			);
			path = Auth;
			sourceTree = "<group>";
		};
		EE386D7C2B4E754000699E14 /* protocols */ = {
			isa = PBXGroup;
			children = (
				EE386D812B4E756200699E14 /* TRNetworkManager.swift */,
				EE386D7F2B4E755700699E14 /* TRURLRequest.swift */,
				EE386D7D2B4E754D00699E14 /* TRNetworkError.swift */,
			);
			path = protocols;
			sourceTree = "<group>";
		};
		EE386D8B2B4E7D6D00699E14 /* InvitationScenes */ = {
			isa = PBXGroup;
			children = (
				EE563B952B527B06004F99FB /* Components */,
				EE386D8C2B4E7DAE00699E14 /* InvitationViewController.swift */,
				EE563B932B527AEB004F99FB /* ReceivedInvitationsViewController.swift */,
			);
			path = InvitationScenes;
			sourceTree = "<group>";
		};
		EE386D9A2B4E8D3800699E14 /* UserDefaultsWrapper */ = {
			isa = PBXGroup;
			children = (
				EE386D9D2B4E8D6400699E14 /* UserDefaultsWrapperKey.swift */,
				EE386D9B2B4E8D5900699E14 /* UserDefaultsWrapper.swift */,
			);
			path = UserDefaultsWrapper;
			sourceTree = "<group>";
		};
		EE563B952B527B06004F99FB /* Components */ = {
			isa = PBXGroup;
			children = (
				EE563B982B527B50004F99FB /* InvitationsCardTableViewCell.swift */,
				EE563BD92B5ED4DE004F99FB /* ContactsTableViewCell.swift */,
			);
			path = Components;
			sourceTree = "<group>";
		};
		EE563BD22B5BA607004F99FB /* PropertyListContainer */ = {
			isa = PBXGroup;
			children = (
				EE563BD32B5BA618004F99FB /* TreeURLContainer.swift */,
			);
			path = PropertyListContainer;
			sourceTree = "<group>";
		};
		EE563BDB2B5ED6AE004F99FB /* OnboardingScenes */ = {
			isa = PBXGroup;
			children = (
				EE563BDC2B5ED6DC004F99FB /* PhoneNumberInsertViewController.swift */,
				EE563BE22B5ED75B004F99FB /* PhoneNumberVerifyViewController.swift */,
				EE563BE02B5ED74C004F99FB /* UserIdInsertViewController.swift */,
				EE563BE42B5ED79A004F99FB /* ShowMyProfileViewController.swift */,
				EE563BDE2B5ED729004F99FB /* ReceivedFirstInvitationViewController.swift */,
			);
			path = OnboardingScenes;
			sourceTree = "<group>";
		};
/* End PBXGroup section */

/* Begin PBXNativeTarget section */
		EE386D362B4E6B7D00699E14 /* Tree */ = {
			isa = PBXNativeTarget;
			buildConfigurationList = EE386D4B2B4E6B7E00699E14 /* Build configuration list for PBXNativeTarget "Tree" */;
			buildPhases = (
				E5EEEC89A3F5C2D171E90F3D /* [CP] Check Pods Manifest.lock */,
				EE386D332B4E6B7D00699E14 /* Sources */,
				EE386D342B4E6B7D00699E14 /* Frameworks */,
				EE386D352B4E6B7D00699E14 /* Resources */,
				7C7C0C1F2EB1244FB566C29A /* [CP] Embed Pods Frameworks */,
			);
			buildRules = (
			);
			dependencies = (
			);
			name = Tree;
			productName = Tree;
			productReference = EE386D372B4E6B7D00699E14 /* Tree.app */;
			productType = "com.apple.product-type.application";
		};
/* End PBXNativeTarget section */

/* Begin PBXProject section */
		EE386D2F2B4E6B7D00699E14 /* Project object */ = {
			isa = PBXProject;
			attributes = {
				BuildIndependentTargetsInParallel = 1;
				LastSwiftUpdateCheck = 1510;
				LastUpgradeCheck = 1510;
				TargetAttributes = {
					EE386D362B4E6B7D00699E14 = {
						CreatedOnToolsVersion = 15.1;
					};
				};
			};
			buildConfigurationList = EE386D322B4E6B7D00699E14 /* Build configuration list for PBXProject "Tree" */;
			compatibilityVersion = "Xcode 14.0";
			developmentRegion = ko;
			hasScannedForEncodings = 0;
			knownRegions = (
				en,
				Base,
				ko,
			);
			mainGroup = EE386D2E2B4E6B7D00699E14;
			productRefGroup = EE386D382B4E6B7D00699E14 /* Products */;
			projectDirPath = "";
			projectRoot = "";
			targets = (
				EE386D362B4E6B7D00699E14 /* Tree */,
			);
		};
/* End PBXProject section */

/* Begin PBXResourcesBuildPhase section */
		EE386D352B4E6B7D00699E14 /* Resources */ = {
			isa = PBXResourcesBuildPhase;
			buildActionMask = 2147483647;
			files = (
				EE386D472B4E6B7E00699E14 /* LaunchScreen.storyboard in Resources */,
				EE563BCA2B5B9F39004F99FB /* Pretendard-Regular.otf in Resources */,
				EE563BCE2B5B9F39004F99FB /* Pretendard-ExtraBold.otf in Resources */,
				EE563BC82B5B9F39004F99FB /* Pretendard-Bold.otf in Resources */,
				EE563BCC2B5B9F39004F99FB /* Pretendard-SemiBold.otf in Resources */,
				EE563BC92B5B9F39004F99FB /* Pretendard-ExtraLight.otf in Resources */,
				EE563BD62B5BA758004F99FB /* url.plist in Resources */,
				EE563BD82B5BA761004F99FB /* url-debug.plist in Resources */,
				EE563BCB2B5B9F39004F99FB /* Pretendard-Light.otf in Resources */,
				EE386D5B2B4E6EB200699E14 /* Localizable.strings in Resources */,
				EE386D442B4E6B7E00699E14 /* Assets.xcassets in Resources */,
				EE563BCF2B5B9F39004F99FB /* Pretendard-Thin.otf in Resources */,
				EE563BCD2B5B9F39004F99FB /* Pretendard-Medium.otf in Resources */,
			);
			runOnlyForDeploymentPostprocessing = 0;
		};
/* End PBXResourcesBuildPhase section */

/* Begin PBXShellScriptBuildPhase section */
		7C7C0C1F2EB1244FB566C29A /* [CP] Embed Pods Frameworks */ = {
			isa = PBXShellScriptBuildPhase;
			buildActionMask = 2147483647;
			files = (
			);
			inputFileListPaths = (
				"${PODS_ROOT}/Target Support Files/Pods-Tree/Pods-Tree-frameworks-${CONFIGURATION}-input-files.xcfilelist",
			);
			name = "[CP] Embed Pods Frameworks";
			outputFileListPaths = (
				"${PODS_ROOT}/Target Support Files/Pods-Tree/Pods-Tree-frameworks-${CONFIGURATION}-output-files.xcfilelist",
			);
			runOnlyForDeploymentPostprocessing = 0;
			shellPath = /bin/sh;
			shellScript = "\"${PODS_ROOT}/Target Support Files/Pods-Tree/Pods-Tree-frameworks.sh\"\n";
			showEnvVarsInLog = 0;
		};
		E5EEEC89A3F5C2D171E90F3D /* [CP] Check Pods Manifest.lock */ = {
			isa = PBXShellScriptBuildPhase;
			buildActionMask = 2147483647;
			files = (
			);
			inputFileListPaths = (
			);
			inputPaths = (
				"${PODS_PODFILE_DIR_PATH}/Podfile.lock",
				"${PODS_ROOT}/Manifest.lock",
			);
			name = "[CP] Check Pods Manifest.lock";
			outputFileListPaths = (
			);
			outputPaths = (
				"$(DERIVED_FILE_DIR)/Pods-Tree-checkManifestLockResult.txt",
			);
			runOnlyForDeploymentPostprocessing = 0;
			shellPath = /bin/sh;
			shellScript = "diff \"${PODS_PODFILE_DIR_PATH}/Podfile.lock\" \"${PODS_ROOT}/Manifest.lock\" > /dev/null\nif [ $? != 0 ] ; then\n    # print error to STDERR\n    echo \"error: The sandbox is not in sync with the Podfile.lock. Run 'pod install' or update your CocoaPods installation.\" >&2\n    exit 1\nfi\n# This output is used by Xcode 'outputs' to avoid re-running this script phase.\necho \"SUCCESS\" > \"${SCRIPT_OUTPUT_FILE_0}\"\n";
			showEnvVarsInLog = 0;
		};
/* End PBXShellScriptBuildPhase section */

/* Begin PBXSourcesBuildPhase section */
		EE386D332B4E6B7D00699E14 /* Sources */ = {
			isa = PBXSourcesBuildPhase;
			buildActionMask = 2147483647;
			files = (
				EE386D642B4E6FB500699E14 /* TreeStringCollection.swift in Sources */,
				EE386D8F2B4E88A300699E14 /* Dictionary+.swift in Sources */,
				EE386D8D2B4E7DAE00699E14 /* InvitationViewController.swift in Sources */,
				EE386D752B4E74CE00699E14 /* SettingViewController.swift in Sources */,
				EE386D8A2B4E75BB00699E14 /* TreeNetworkResult.swift in Sources */,
				EE563BE52B5ED79A004F99FB /* ShowMyProfileViewController.swift in Sources */,
				EE386D9E2B4E8D6400699E14 /* UserDefaultsWrapperKey.swift in Sources */,
				EE563BBC2B5B94B6004F99FB /* InvitationData.swift in Sources */,
				EE386D712B4E74A500699E14 /* FeedViewController.swift in Sources */,
				EE563BD42B5BA618004F99FB /* TreeURLContainer.swift in Sources */,
				EE386D732B4E74B700699E14 /* TreeViewController.swift in Sources */,
				EE386D622B4E6FAB00699E14 /* TreeImageCollection.swift in Sources */,
				EE386D972B4E8B7800699E14 /* TreeNetworkError.swift in Sources */,
				EE563B992B527B50004F99FB /* InvitationsCardTableViewCell.swift in Sources */,
				EE386D6C2B4E72D200699E14 /* String+.swift in Sources */,
				EE386D822B4E756200699E14 /* TRNetworkManager.swift in Sources */,
				EE386D682B4E719900699E14 /* UIViewController+.swift in Sources */,
				EE563BE12B5ED74C004F99FB /* UserIdInsertViewController.swift in Sources */,
				EE386DA42B4E8F1E00699E14 /* UIRectEdge+.swift in Sources */,
				EE563B942B527AEB004F99FB /* ReceivedInvitationsViewController.swift in Sources */,
				EE386D3B2B4E6B7D00699E14 /* AppDelegate.swift in Sources */,
				EE386D9C2B4E8D5900699E14 /* UserDefaultsWrapper.swift in Sources */,
				EE563BE32B5ED75B004F99FB /* PhoneNumberVerifyViewController.swift in Sources */,
				EE386D3D2B4E6B7D00699E14 /* SceneDelegate.swift in Sources */,
				EE386DA22B4E8ED600699E14 /* User.swift in Sources */,
				EE386D912B4E8B3800699E14 /* TreeNetworkManager.swift in Sources */,
				EE563BDD2B5ED6DC004F99FB /* PhoneNumberInsertViewController.swift in Sources */,
				EE563BD12B5B9FD6004F99FB /* UIFont+.swift in Sources */,
				EE386D7E2B4E754D00699E14 /* TRNetworkError.swift in Sources */,
				EE563BDF2B5ED729004F99FB /* ReceivedFirstInvitationViewController.swift in Sources */,
				EE563BDA2B5ED4DE004F99FB /* ContactsTableViewCell.swift in Sources */,
				EE386D932B4E8B4500699E14 /* TreeNetworkURLRequest.swift in Sources */,
				EE386D662B4E6FC700699E14 /* UIView+.swift in Sources */,
				EE386D6A2B4E71DC00699E14 /* UIColor+.swift in Sources */,
				EE386D802B4E755700699E14 /* TRURLRequest.swift in Sources */,
				EE563BBE2B5B95E2004F99FB /* AvailableInvitationData.swift in Sources */,
			);
			runOnlyForDeploymentPostprocessing = 0;
		};
/* End PBXSourcesBuildPhase section */

/* Begin PBXVariantGroup section */
		EE386D452B4E6B7E00699E14 /* LaunchScreen.storyboard */ = {
			isa = PBXVariantGroup;
			children = (
				EE386D462B4E6B7E00699E14 /* Base */,
				EE386D602B4E6EE600699E14 /* en */,
			);
			name = LaunchScreen.storyboard;
			sourceTree = "<group>";
		};
		EE386D5D2B4E6EB200699E14 /* Localizable.strings */ = {
			isa = PBXVariantGroup;
			children = (
				EE386D5C2B4E6EB200699E14 /* en */,
			);
			name = Localizable.strings;
			sourceTree = "<group>";
		};
/* End PBXVariantGroup section */

/* Begin XCBuildConfiguration section */
		EE386D492B4E6B7E00699E14 /* Debug */ = {
			isa = XCBuildConfiguration;
			buildSettings = {
				ALWAYS_SEARCH_USER_PATHS = NO;
				ASSETCATALOG_COMPILER_GENERATE_SWIFT_ASSET_SYMBOL_EXTENSIONS = YES;
				CLANG_ANALYZER_LOCALIZABILITY_NONLOCALIZED = YES;
				CLANG_ANALYZER_NONNULL = YES;
				CLANG_ANALYZER_NUMBER_OBJECT_CONVERSION = YES_AGGRESSIVE;
				CLANG_CXX_LANGUAGE_STANDARD = "gnu++20";
				CLANG_ENABLE_MODULES = YES;
				CLANG_ENABLE_OBJC_ARC = YES;
				CLANG_ENABLE_OBJC_WEAK = YES;
				CLANG_WARN_BLOCK_CAPTURE_AUTORELEASING = YES;
				CLANG_WARN_BOOL_CONVERSION = YES;
				CLANG_WARN_COMMA = YES;
				CLANG_WARN_CONSTANT_CONVERSION = YES;
				CLANG_WARN_DEPRECATED_OBJC_IMPLEMENTATIONS = YES;
				CLANG_WARN_DIRECT_OBJC_ISA_USAGE = YES_ERROR;
				CLANG_WARN_DOCUMENTATION_COMMENTS = YES;
				CLANG_WARN_EMPTY_BODY = YES;
				CLANG_WARN_ENUM_CONVERSION = YES;
				CLANG_WARN_INFINITE_RECURSION = YES;
				CLANG_WARN_INT_CONVERSION = YES;
				CLANG_WARN_NON_LITERAL_NULL_CONVERSION = YES;
				CLANG_WARN_OBJC_IMPLICIT_RETAIN_SELF = YES;
				CLANG_WARN_OBJC_LITERAL_CONVERSION = YES;
				CLANG_WARN_OBJC_ROOT_CLASS = YES_ERROR;
				CLANG_WARN_QUOTED_INCLUDE_IN_FRAMEWORK_HEADER = YES;
				CLANG_WARN_RANGE_LOOP_ANALYSIS = YES;
				CLANG_WARN_STRICT_PROTOTYPES = YES;
				CLANG_WARN_SUSPICIOUS_MOVE = YES;
				CLANG_WARN_UNGUARDED_AVAILABILITY = YES_AGGRESSIVE;
				CLANG_WARN_UNREACHABLE_CODE = YES;
				CLANG_WARN__DUPLICATE_METHOD_MATCH = YES;
				COPY_PHASE_STRIP = NO;
				DEBUG_INFORMATION_FORMAT = dwarf;
				ENABLE_STRICT_OBJC_MSGSEND = YES;
				ENABLE_TESTABILITY = YES;
				ENABLE_USER_SCRIPT_SANDBOXING = NO;
				GCC_C_LANGUAGE_STANDARD = gnu17;
				GCC_DYNAMIC_NO_PIC = NO;
				GCC_NO_COMMON_BLOCKS = YES;
				GCC_OPTIMIZATION_LEVEL = 0;
				GCC_PREPROCESSOR_DEFINITIONS = (
					"DEBUG=1",
					"$(inherited)",
				);
				GCC_WARN_64_TO_32_BIT_CONVERSION = YES;
				GCC_WARN_ABOUT_RETURN_TYPE = YES_ERROR;
				GCC_WARN_UNDECLARED_SELECTOR = YES;
				GCC_WARN_UNINITIALIZED_AUTOS = YES_AGGRESSIVE;
				GCC_WARN_UNUSED_FUNCTION = YES;
				GCC_WARN_UNUSED_VARIABLE = YES;
				IPHONEOS_DEPLOYMENT_TARGET = 16.0;
				LOCALIZATION_PREFERS_STRING_CATALOGS = YES;
				MTL_ENABLE_DEBUG_INFO = INCLUDE_SOURCE;
				MTL_FAST_MATH = YES;
				ONLY_ACTIVE_ARCH = YES;
				SDKROOT = iphoneos;
				SWIFT_ACTIVE_COMPILATION_CONDITIONS = "DEBUG $(inherited)";
				SWIFT_OPTIMIZATION_LEVEL = "-Onone";
			};
			name = Debug;
		};
		EE386D4A2B4E6B7E00699E14 /* Release */ = {
			isa = XCBuildConfiguration;
			buildSettings = {
				ALWAYS_SEARCH_USER_PATHS = NO;
				ASSETCATALOG_COMPILER_GENERATE_SWIFT_ASSET_SYMBOL_EXTENSIONS = YES;
				CLANG_ANALYZER_LOCALIZABILITY_NONLOCALIZED = YES;
				CLANG_ANALYZER_NONNULL = YES;
				CLANG_ANALYZER_NUMBER_OBJECT_CONVERSION = YES_AGGRESSIVE;
				CLANG_CXX_LANGUAGE_STANDARD = "gnu++20";
				CLANG_ENABLE_MODULES = YES;
				CLANG_ENABLE_OBJC_ARC = YES;
				CLANG_ENABLE_OBJC_WEAK = YES;
				CLANG_WARN_BLOCK_CAPTURE_AUTORELEASING = YES;
				CLANG_WARN_BOOL_CONVERSION = YES;
				CLANG_WARN_COMMA = YES;
				CLANG_WARN_CONSTANT_CONVERSION = YES;
				CLANG_WARN_DEPRECATED_OBJC_IMPLEMENTATIONS = YES;
				CLANG_WARN_DIRECT_OBJC_ISA_USAGE = YES_ERROR;
				CLANG_WARN_DOCUMENTATION_COMMENTS = YES;
				CLANG_WARN_EMPTY_BODY = YES;
				CLANG_WARN_ENUM_CONVERSION = YES;
				CLANG_WARN_INFINITE_RECURSION = YES;
				CLANG_WARN_INT_CONVERSION = YES;
				CLANG_WARN_NON_LITERAL_NULL_CONVERSION = YES;
				CLANG_WARN_OBJC_IMPLICIT_RETAIN_SELF = YES;
				CLANG_WARN_OBJC_LITERAL_CONVERSION = YES;
				CLANG_WARN_OBJC_ROOT_CLASS = YES_ERROR;
				CLANG_WARN_QUOTED_INCLUDE_IN_FRAMEWORK_HEADER = YES;
				CLANG_WARN_RANGE_LOOP_ANALYSIS = YES;
				CLANG_WARN_STRICT_PROTOTYPES = YES;
				CLANG_WARN_SUSPICIOUS_MOVE = YES;
				CLANG_WARN_UNGUARDED_AVAILABILITY = YES_AGGRESSIVE;
				CLANG_WARN_UNREACHABLE_CODE = YES;
				CLANG_WARN__DUPLICATE_METHOD_MATCH = YES;
				COPY_PHASE_STRIP = NO;
				DEBUG_INFORMATION_FORMAT = "dwarf-with-dsym";
				ENABLE_NS_ASSERTIONS = NO;
				ENABLE_STRICT_OBJC_MSGSEND = YES;
				ENABLE_USER_SCRIPT_SANDBOXING = NO;
				GCC_C_LANGUAGE_STANDARD = gnu17;
				GCC_NO_COMMON_BLOCKS = YES;
				GCC_WARN_64_TO_32_BIT_CONVERSION = YES;
				GCC_WARN_ABOUT_RETURN_TYPE = YES_ERROR;
				GCC_WARN_UNDECLARED_SELECTOR = YES;
				GCC_WARN_UNINITIALIZED_AUTOS = YES_AGGRESSIVE;
				GCC_WARN_UNUSED_FUNCTION = YES;
				GCC_WARN_UNUSED_VARIABLE = YES;
				IPHONEOS_DEPLOYMENT_TARGET = 16.0;
				LOCALIZATION_PREFERS_STRING_CATALOGS = YES;
				MTL_ENABLE_DEBUG_INFO = NO;
				MTL_FAST_MATH = YES;
				SDKROOT = iphoneos;
				SWIFT_COMPILATION_MODE = wholemodule;
				VALIDATE_PRODUCT = YES;
			};
			name = Release;
		};
		EE386D4C2B4E6B7E00699E14 /* Debug */ = {
			isa = XCBuildConfiguration;
			baseConfigurationReference = E9DA9E5DFC96E7E1C101618B /* Pods-Tree.debug.xcconfig */;
			buildSettings = {
				ASSETCATALOG_COMPILER_APPICON_NAME = AppIcon;
				ASSETCATALOG_COMPILER_GLOBAL_ACCENT_COLOR_NAME = AccentColor;
				CODE_SIGN_STYLE = Automatic;
				CURRENT_PROJECT_VERSION = 1;
				DEVELOPMENT_TEAM = UKZF3A6P2B;
				GENERATE_INFOPLIST_FILE = YES;
				INFOPLIST_FILE = Tree/Info.plist;
				INFOPLIST_KEY_LSApplicationCategoryType = "public.app-category.social-networking";
				INFOPLIST_KEY_UIApplicationSupportsIndirectInputEvents = YES;
				INFOPLIST_KEY_UILaunchStoryboardName = LaunchScreen;
				INFOPLIST_KEY_UISupportedInterfaceOrientations = UIInterfaceOrientationPortrait;
				LD_RUNPATH_SEARCH_PATHS = (
					"$(inherited)",
					"@executable_path/Frameworks",
				);
				MARKETING_VERSION = 1.0.0;
				PRODUCT_BUNDLE_IDENTIFIER = com.bmlee.Tree;
				PRODUCT_NAME = "$(TARGET_NAME)";
				SWIFT_EMIT_LOC_STRINGS = YES;
				SWIFT_VERSION = 5.0;
				TARGETED_DEVICE_FAMILY = "1,2";
			};
			name = Debug;
		};
		EE386D4D2B4E6B7E00699E14 /* Release */ = {
			isa = XCBuildConfiguration;
			baseConfigurationReference = 9BF7CEC904C5A0EF3664531A /* Pods-Tree.release.xcconfig */;
			buildSettings = {
				ASSETCATALOG_COMPILER_APPICON_NAME = AppIcon;
				ASSETCATALOG_COMPILER_GLOBAL_ACCENT_COLOR_NAME = AccentColor;
				CODE_SIGN_STYLE = Automatic;
				CURRENT_PROJECT_VERSION = 1;
				DEVELOPMENT_TEAM = UKZF3A6P2B;
				GENERATE_INFOPLIST_FILE = YES;
				INFOPLIST_FILE = Tree/Info.plist;
				INFOPLIST_KEY_LSApplicationCategoryType = "public.app-category.social-networking";
				INFOPLIST_KEY_UIApplicationSupportsIndirectInputEvents = YES;
				INFOPLIST_KEY_UILaunchStoryboardName = LaunchScreen;
				INFOPLIST_KEY_UISupportedInterfaceOrientations = UIInterfaceOrientationPortrait;
				LD_RUNPATH_SEARCH_PATHS = (
					"$(inherited)",
					"@executable_path/Frameworks",
				);
				MARKETING_VERSION = 1.0.0;
				PRODUCT_BUNDLE_IDENTIFIER = com.bmlee.Tree;
				PRODUCT_NAME = "$(TARGET_NAME)";
				SWIFT_EMIT_LOC_STRINGS = YES;
				SWIFT_VERSION = 5.0;
				TARGETED_DEVICE_FAMILY = "1,2";
			};
			name = Release;
		};
/* End XCBuildConfiguration section */

/* Begin XCConfigurationList section */
		EE386D322B4E6B7D00699E14 /* Build configuration list for PBXProject "Tree" */ = {
			isa = XCConfigurationList;
			buildConfigurations = (
				EE386D492B4E6B7E00699E14 /* Debug */,
				EE386D4A2B4E6B7E00699E14 /* Release */,
			);
			defaultConfigurationIsVisible = 0;
			defaultConfigurationName = Release;
		};
		EE386D4B2B4E6B7E00699E14 /* Build configuration list for PBXNativeTarget "Tree" */ = {
			isa = XCConfigurationList;
			buildConfigurations = (
				EE386D4C2B4E6B7E00699E14 /* Debug */,
				EE386D4D2B4E6B7E00699E14 /* Release */,
			);
			defaultConfigurationIsVisible = 0;
			defaultConfigurationName = Release;
		};
/* End XCConfigurationList section */
	};
	rootObject = EE386D2F2B4E6B7D00699E14 /* Project object */;
}
